
Microsoft Visual Studio Solution File, Format Version 12.00
# Visual Studio 2012
Project("{8BC9CEB8-8B4A-11D0-8D11-00A0C91BC942}") = "cvThreshold", "cvThreshold\cvThreshold.vcxproj", "{AA0D27CD-2EAE-42CA-B13A-3603FA9DC996}"
EndProject
Global
	GlobalSection(SolutionConfigurationPlatforms) = preSolution
		Debug|Win32 = Debug|Win32
		Release|Win32 = Release|Win32
	EndGlobalSection
	GlobalSection(ProjectConfigurationPlatforms) = postSolution
		{AA0D27CD-2EAE-42CA-B13A-3603FA9DC996}.Debug|Win32.ActiveCfg = Debug|Win32
		{AA0D27CD-2EAE-42CA-B13A-3603FA9DC996}.Debug|Win32.Build.0 = Debug|Win32
		{AA0D27CD-2EAE-42CA-B13A-3603FA9DC996}.Release|Win32.ActiveCfg = Release|Win32
		{AA0D27CD-2EAE-42CA-B13A-3603FA9DC996}.Release|Win32.Build.0 = Release|Win32
	EndGlobalSection
	GlobalSection(SolutionProperties) = preSolution
		HideSolutionNode = FALSE
	EndGlobalSection
EndGlobal
